
Microsoft Visual Studio Solution File, Format Version 12.00
# Visual Studio Version 16
VisualStudioVersion = 16.0.30011.22
MinimumVisualStudioVersion = 10.0.40219.1
Project("{FAE04EC0-301F-11D3-BF4B-00C04F79EFBC}") = "webtrades1", "webtrades1\webtrades1.csproj", "{F858F220-4686-4994-883B-E86F3E33A2F0}"
EndProject
Global
	GlobalSection(SolutionConfigurationPlatforms) = preSolution
		Debug|Any CPU = Debug|Any CPU
		Release|Any CPU = Release|Any CPU
	EndGlobalSection
	GlobalSection(ProjectConfigurationPlatforms) = postSolution
		{F858F220-4686-4994-883B-E86F3E33A2F0}.Debug|Any CPU.ActiveCfg = Debug|Any CPU
		{F858F220-4686-4994-883B-E86F3E33A2F0}.Debug|Any CPU.Build.0 = Debug|Any CPU
		{F858F220-4686-4994-883B-E86F3E33A2F0}.Release|Any CPU.ActiveCfg = Release|Any CPU
		{F858F220-4686-4994-883B-E86F3E33A2F0}.Release|Any CPU.Build.0 = Release|Any CPU
	EndGlobalSection
	GlobalSection(SolutionProperties) = preSolution
		HideSolutionNode = FALSE
	EndGlobalSection
	GlobalSection(ExtensibilityGlobals) = postSolution
		SolutionGuid = {AF128EFC-E656-4D34-8CF3-1BFE26C0EE7A}
	EndGlobalSection
EndGlobal
